
Microsoft Visual Studio Solution File, Format Version 12.00
# Visual Studio 15
Project("{FAE04EC0-301F-11D3-BF4B-00C04F79EFBC}") = "Assembly-CSharp", "Assembly-CSharp.csproj", "{EBED2E17-B130-6275-7101-AF05839A3232}"
EndProject
Global
	GlobalSection(SolutionConfigurationPlatforms) = preSolution
		Debug|Any CPU = Debug|Any CPU
		Release|Any CPU = Release|Any CPU
	EndGlobalSection
	GlobalSection(ProjectConfigurationPlatforms) = postSolution
		{EBED2E17-B130-6275-7101-AF05839A3232}.Debug|Any CPU.ActiveCfg = Debug|Any CPU
		{EBED2E17-B130-6275-7101-AF05839A3232}.Debug|Any CPU.Build.0 = Debug|Any CPU
		{EBED2E17-B130-6275-7101-AF05839A3232}.Release|Any CPU.ActiveCfg = Release|Any CPU
		{EBED2E17-B130-6275-7101-AF05839A3232}.Release|Any CPU.Build.0 = Release|Any CPU
	EndGlobalSection
	GlobalSection(SolutionProperties) = preSolution
		HideSolutionNode = FALSE
	EndGlobalSection
EndGlobal
